
Microsoft Visual Studio Solution File, Format Version 12.00
# Visual Studio 15
VisualStudioVersion = 15.0.28307.960
MinimumVisualStudioVersion = 10.0.40219.1
Project("{9A19103F-16F7-4668-BE54-9A1E7A4F7556}") = "EFarmer.pk", "EFarmer.pk\EFarmer.pk.csproj", "{2CC768E1-5D2C-4E81-AA29-60A6D2B6FAA2}"
EndProject
Global
	GlobalSection(SolutionConfigurationPlatforms) = preSolution
		Debug|Any CPU = Debug|Any CPU
		Release|Any CPU = Release|Any CPU
	EndGlobalSection
	GlobalSection(ProjectConfigurationPlatforms) = postSolution
		{2CC768E1-5D2C-4E81-AA29-60A6D2B6FAA2}.Debug|Any CPU.ActiveCfg = Debug|Any CPU
		{2CC768E1-5D2C-4E81-AA29-60A6D2B6FAA2}.Debug|Any CPU.Build.0 = Debug|Any CPU
		{2CC768E1-5D2C-4E81-AA29-60A6D2B6FAA2}.Release|Any CPU.ActiveCfg = Release|Any CPU
		{2CC768E1-5D2C-4E81-AA29-60A6D2B6FAA2}.Release|Any CPU.Build.0 = Release|Any CPU
	EndGlobalSection
	GlobalSection(SolutionProperties) = preSolution
		HideSolutionNode = FALSE
	EndGlobalSection
	GlobalSection(ExtensibilityGlobals) = postSolution
		SolutionGuid = {0DEB52EE-0C30-4986-A7F1-761F1E118276}
	EndGlobalSection
EndGlobal
